
Microsoft Visual Studio Solution File, Format Version 12.00
# Visual Studio Version 16
VisualStudioVersion = 16.0.29613.14
MinimumVisualStudioVersion = 10.0.40219.1
Project("{FAE04EC0-301F-11D3-BF4B-00C04F79EFBC}") = "SP749415_MIS4200", "SP749415_MIS4200.csproj", "{65B7074A-798C-4725-9162-38EB2A99E09C}"
EndProject
Project("{FAE04EC0-301F-11D3-BF4B-00C04F79EFBC}") = "SP749415_MIS4200.Tests", "..\SP749415_MIS4200.Tests\SP749415_MIS4200.Tests.csproj", "{923065A2-0D58-4107-B5AD-A2D370558FC5}"
EndProject
Global
	GlobalSection(SolutionConfigurationPlatforms) = preSolution
		Debug|Any CPU = Debug|Any CPU
		Release|Any CPU = Release|Any CPU
	EndGlobalSection
	GlobalSection(ProjectConfigurationPlatforms) = postSolution
		{65B7074A-798C-4725-9162-38EB2A99E09C}.Debug|Any CPU.ActiveCfg = Debug|Any CPU
		{65B7074A-798C-4725-9162-38EB2A99E09C}.Debug|Any CPU.Build.0 = Debug|Any CPU
		{65B7074A-798C-4725-9162-38EB2A99E09C}.Release|Any CPU.ActiveCfg = Release|Any CPU
		{65B7074A-798C-4725-9162-38EB2A99E09C}.Release|Any CPU.Build.0 = Release|Any CPU
		{923065A2-0D58-4107-B5AD-A2D370558FC5}.Debug|Any CPU.ActiveCfg = Debug|Any CPU
		{923065A2-0D58-4107-B5AD-A2D370558FC5}.Debug|Any CPU.Build.0 = Debug|Any CPU
		{923065A2-0D58-4107-B5AD-A2D370558FC5}.Release|Any CPU.ActiveCfg = Release|Any CPU
		{923065A2-0D58-4107-B5AD-A2D370558FC5}.Release|Any CPU.Build.0 = Release|Any CPU
	EndGlobalSection
	GlobalSection(SolutionProperties) = preSolution
		HideSolutionNode = FALSE
	EndGlobalSection
	GlobalSection(ExtensibilityGlobals) = postSolution
		SolutionGuid = {E97F744B-67BF-4A56-8B12-694EC60551C7}
	EndGlobalSection
EndGlobal
